
Microsoft Visual Studio Solution File, Format Version 12.00
# Visual Studio Version 17
VisualStudioVersion = 17.11.35222.181
MinimumVisualStudioVersion = 10.0.40219.1
Project("{2150E333-8FDC-42A3-9474-1A3956D46DE8}") = "src", "src", "{F80339B7-37EA-4964-8BCF-F71D38F1CBF5}"
EndProject
Project("{2150E333-8FDC-42A3-9474-1A3956D46DE8}") = "test", "test", "{379F2B60-DFC8-4587-A2EB-830404616717}"
EndProject
Project("{2150E333-8FDC-42A3-9474-1A3956D46DE8}") = "API", "API", "{48D650C9-594E-4219-94C0-BDD468C9E11A}"
EndProject
Project("{2150E333-8FDC-42A3-9474-1A3956D46DE8}") = "Core", "Core", "{EE7BC992-D293-4A3D-BA81-7B5C72E7CC7B}"
EndProject
Project("{2150E333-8FDC-42A3-9474-1A3956D46DE8}") = "Infrastructure", "Infrastructure", "{0F3DC2D8-FCB9-40D6-9F6F-E9A85E87866B}"
EndProject
Global
	GlobalSection(SolutionProperties) = preSolution
		HideSolutionNode = FALSE
	EndGlobalSection
	GlobalSection(NestedProjects) = preSolution
		{48D650C9-594E-4219-94C0-BDD468C9E11A} = {F80339B7-37EA-4964-8BCF-F71D38F1CBF5}
		{EE7BC992-D293-4A3D-BA81-7B5C72E7CC7B} = {F80339B7-37EA-4964-8BCF-F71D38F1CBF5}
		{0F3DC2D8-FCB9-40D6-9F6F-E9A85E87866B} = {F80339B7-37EA-4964-8BCF-F71D38F1CBF5}
	EndGlobalSection
	GlobalSection(ExtensibilityGlobals) = postSolution
		SolutionGuid = {BC5B1539-CAE5-4578-8CC9-286E16E8E858}
	EndGlobalSection
EndGlobal
